
Microsoft Visual Studio Solution File, Format Version 12.00
# Visual Studio Version 16
VisualStudioVersion = 16.0.30523.141
MinimumVisualStudioVersion = 10.0.40219.1
Project("{FAE04EC0-301F-11D3-BF4B-00C04F79EFBC}") = "AspFiles", "AspFiles\AspFiles.csproj", "{993EA488-B1DB-4DCE-B2B2-3C504C5377BA}"
EndProject
Global
	GlobalSection(SolutionConfigurationPlatforms) = preSolution
		Debug|Any CPU = Debug|Any CPU
		Release|Any CPU = Release|Any CPU
	EndGlobalSection
	GlobalSection(ProjectConfigurationPlatforms) = postSolution
		{993EA488-B1DB-4DCE-B2B2-3C504C5377BA}.Debug|Any CPU.ActiveCfg = Debug|Any CPU
		{993EA488-B1DB-4DCE-B2B2-3C504C5377BA}.Debug|Any CPU.Build.0 = Debug|Any CPU
		{993EA488-B1DB-4DCE-B2B2-3C504C5377BA}.Release|Any CPU.ActiveCfg = Release|Any CPU
		{993EA488-B1DB-4DCE-B2B2-3C504C5377BA}.Release|Any CPU.Build.0 = Release|Any CPU
	EndGlobalSection
	GlobalSection(SolutionProperties) = preSolution
		HideSolutionNode = FALSE
	EndGlobalSection
	GlobalSection(ExtensibilityGlobals) = postSolution
		SolutionGuid = {7D1E4983-FB37-4A10-8B30-603D45BD93D9}
	EndGlobalSection
EndGlobal
